
Microsoft Visual Studio Solution File, Format Version 12.00
# Visual Studio Version 17
VisualStudioVersion = 17.5.33627.172
MinimumVisualStudioVersion = 10.0.40219.1
Project("{FAE04EC0-301F-11D3-BF4B-00C04F79EFBC}") = "QuadraticEquation", "QuadraticEquation\QuadraticEquation.csproj", "{30DD2938-6A6F-42AE-AEB2-E8A0C828164F}"
EndProject
Global
	GlobalSection(SolutionConfigurationPlatforms) = preSolution
		Debug|Any CPU = Debug|Any CPU
		Release|Any CPU = Release|Any CPU
	EndGlobalSection
	GlobalSection(ProjectConfigurationPlatforms) = postSolution
		{30DD2938-6A6F-42AE-AEB2-E8A0C828164F}.Debug|Any CPU.ActiveCfg = Debug|Any CPU
		{30DD2938-6A6F-42AE-AEB2-E8A0C828164F}.Debug|Any CPU.Build.0 = Debug|Any CPU
		{30DD2938-6A6F-42AE-AEB2-E8A0C828164F}.Release|Any CPU.ActiveCfg = Release|Any CPU
		{30DD2938-6A6F-42AE-AEB2-E8A0C828164F}.Release|Any CPU.Build.0 = Release|Any CPU
	EndGlobalSection
	GlobalSection(SolutionProperties) = preSolution
		HideSolutionNode = FALSE
	EndGlobalSection
	GlobalSection(ExtensibilityGlobals) = postSolution
		SolutionGuid = {1BFA2AB4-9592-43EF-B3BC-1E5B14E7C5D5}
	EndGlobalSection
EndGlobal
